<?xml version="1.0" encoding="utf-8"?>
<Project ToolsVersion="4.0" xmlns="http://schemas.microsoft.com/developer/msbuild/2003">
  <ItemGroup>
    <Filter Include="소스 파일">
      <UniqueIdentifier>{4FC737F1-C7A5-4376-A066-2A32D752A2FF}</UniqueIdentifier>
      <Extensions>cpp;c;cc;cxx;c++;cppm;ixx;def;odl;idl;hpj;bat;asm;asmx</Extensions>
    </Filter>
    <Filter Include="리소스 파일">
      <UniqueIdentifier>{67DA6AB6-F800-4c08-8B7A-83BB121AAD01}</UniqueIdentifier>
      <Extensions>rc;ico;cur;bmp;dlg;rc2;rct;bin;rgs;gif;jpg;jpeg;jpe;resx;tiff;tif;png;wav;mfcribbon-ms</Extensions>
    </Filter>
    <Filter Include="소스 파일\2st_week">
      <UniqueIdentifier>{d2c9e0dc-9be7-4275-b34c-bcf3cfe691ba}</UniqueIdentifier>
    </Filter>
    <Filter Include="소스 파일\1st_week">
      <UniqueIdentifier>{6bf1fc15-45df-4be8-b916-3dedf4f1057f}</UniqueIdentifier>
    </Filter>
    <Filter Include="소스 파일\3st_week">
      <UniqueIdentifier>{ec5d5410-7dde-42d2-9c27-5a644fad563a}</UniqueIdentifier>
    </Filter>
    <Filter Include="소스 파일\4st_week">
      <UniqueIdentifier>{e28d8f13-3df3-46f7-b19d-0207eb8409d1}</UniqueIdentifier>
    </Filter>
    <Filter Include="소스 파일\5st_week">
      <UniqueIdentifier>{bfd26a6b-2c96-4359-a88f-c80527530dff}</UniqueIdentifier>
    </Filter>
    <Filter Include="소스 파일\6st_week">
      <UniqueIdentifier>{144871eb-8753-4980-a851-02c66db51437}</UniqueIdentifier>
    </Filter>
    <Filter Include="소스 파일\7st_week">
      <UniqueIdentifier>{e5ddb7dd-259d-4582-81e4-f0f786c426b6}</UniqueIdentifier>
    </Filter>
    <Filter Include="소스 파일\8st_week">
      <UniqueIdentifier>{c84efe09-bc98-4c48-b799-49949372bb20}</UniqueIdentifier>
    </Filter>
    <Filter Include="소스 파일\9st_week">
      <UniqueIdentifier>{d5f57dbe-ca95-4e88-842f-e089ed75d591}</UniqueIdentifier>
    </Filter>
    <Filter Include="소스 파일\10_week">
      <UniqueIdentifier>{bc7e86da-206e-4a8b-99d5-586359faf290}</UniqueIdentifier>
    </Filter>
    <Filter Include="소스 파일\헤더 파일">
      <UniqueIdentifier>{93995380-89BD-4b04-88EB-625FBE52EBFB}</UniqueIdentifier>
      <Extensions>h;hh;hpp;hxx;h++;hm;inl;inc;ipp;xsd</Extensions>
    </Filter>
    <Filter Include="소스 파일\11st_week">
      <UniqueIdentifier>{87a73456-c512-4049-9b34-a7f1ebdf0c65}</UniqueIdentifier>
    </Filter>
    <Filter Include="소스 파일\12st_week">
      <UniqueIdentifier>{49554992-7dd1-4e57-aef2-a636059a8587}</UniqueIdentifier>
    </Filter>
    <Filter Include="소스 파일\13st_week">
      <UniqueIdentifier>{1be84400-5cf8-4af4-84ba-11452f1639d0}</UniqueIdentifier>
    </Filter>
  </ItemGroup>
  <ItemGroup>
    <ClCompile Include="02_01.c">
      <Filter>소스 파일\2st_week</Filter>
    </ClCompile>
    <ClCompile Include="02_02.c">
      <Filter>소스 파일\2st_week</Filter>
    </ClCompile>
    <ClCompile Include="01_01.c">
      <Filter>소스 파일\1st_week</Filter>
    </ClCompile>
    <ClCompile Include="03_01.c">
      <Filter>소스 파일\2st_week</Filter>
    </ClCompile>
    <ClCompile Include="03_02.c">
      <Filter>소스 파일\2st_week</Filter>
    </ClCompile>
    <ClCompile Include="03_03.c">
      <Filter>소스 파일\3st_week</Filter>
    </ClCompile>
    <ClCompile Include="03_04.c">
      <Filter>소스 파일\3st_week</Filter>
    </ClCompile>
    <ClCompile Include="03_05.c">
      <Filter>소스 파일\3st_week</Filter>
    </ClCompile>
    <ClCompile Include="03_06.c">
      <Filter>소스 파일\3st_week</Filter>
    </ClCompile>
    <ClCompile Include="04_01.c">
      <Filter>소스 파일\4st_week</Filter>
    </ClCompile>
    <ClCompile Include="04_02.c">
      <Filter>소스 파일\4st_week</Filter>
    </ClCompile>
    <ClCompile Include="04_03.c">
      <Filter>소스 파일\4st_week</Filter>
    </ClCompile>
    <ClCompile Include="04_04.c">
      <Filter>소스 파일\4st_week</Filter>
    </ClCompile>
    <ClCompile Include="05_01.c">
      <Filter>소스 파일\5st_week</Filter>
    </ClCompile>
    <ClCompile Include="05_02.c">
      <Filter>소스 파일\5st_week</Filter>
    </ClCompile>
    <ClCompile Include="05_03.c">
      <Filter>소스 파일\5st_week</Filter>
    </ClCompile>
    <ClCompile Include="05_04.c">
      <Filter>소스 파일\5st_week</Filter>
    </ClCompile>
    <ClCompile Include="06_01.c">
      <Filter>소스 파일\6st_week</Filter>
    </ClCompile>
    <ClCompile Include="06_02.c">
      <Filter>소스 파일\6st_week</Filter>
    </ClCompile>
    <ClCompile Include="06_03.c">
      <Filter>소스 파일\6st_week</Filter>
    </ClCompile>
    <ClCompile Include="06_04.c">
      <Filter>소스 파일\6st_week</Filter>
    </ClCompile>
    <ClCompile Include="06_05.c">
      <Filter>소스 파일\6st_week</Filter>
    </ClCompile>
    <ClCompile Include="07_01.c">
      <Filter>소스 파일\7st_week</Filter>
    </ClCompile>
    <ClCompile Include="07_02.c">
      <Filter>소스 파일\7st_week</Filter>
    </ClCompile>
    <ClCompile Include="07_03.c">
      <Filter>소스 파일\7st_week</Filter>
    </ClCompile>
    <ClCompile Include="07_04.c">
      <Filter>소스 파일\7st_week</Filter>
    </ClCompile>
    <ClCompile Include="07_05.c">
      <Filter>소스 파일\7st_week</Filter>
    </ClCompile>
    <ClCompile Include="08_01.c">
      <Filter>소스 파일\8st_week</Filter>
    </ClCompile>
    <ClCompile Include="08_02.c">
      <Filter>소스 파일\8st_week</Filter>
    </ClCompile>
    <ClCompile Include="08_03.c">
      <Filter>소스 파일\8st_week</Filter>
    </ClCompile>
    <ClCompile Include="08_04.c">
      <Filter>소스 파일\8st_week</Filter>
    </ClCompile>
    <ClCompile Include="08_05.c">
      <Filter>소스 파일\8st_week</Filter>
    </ClCompile>
    <ClCompile Include="08_06.c">
      <Filter>소스 파일\8st_week</Filter>
    </ClCompile>
    <ClCompile Include="09_01.c">
      <Filter>소스 파일\9st_week</Filter>
    </ClCompile>
    <ClCompile Include="09_02.c">
      <Filter>소스 파일\9st_week</Filter>
    </ClCompile>
    <ClCompile Include="09_03.c">
      <Filter>소스 파일\9st_week</Filter>
    </ClCompile>
    <ClCompile Include="09_04.c">
      <Filter>소스 파일\9st_week</Filter>
    </ClCompile>
    <ClCompile Include="09_05.c">
      <Filter>소스 파일\9st_week</Filter>
    </ClCompile>
    <ClCompile Include="09_06.c">
      <Filter>소스 파일\9st_week</Filter>
    </ClCompile>
    <ClCompile Include="09_07%281488-1490%29.c">
      <Filter>소스 파일\9st_week</Filter>
    </ClCompile>
    <ClCompile Include="10_01%281491-1493%29.c">
      <Filter>소스 파일\10_week</Filter>
    </ClCompile>
    <ClCompile Include="10_02%281494-1496%29.c">
      <Filter>소스 파일\10_week</Filter>
    </ClCompile>
    <ClCompile Include="10_03%281497-1499%29.c">
      <Filter>소스 파일\10_week</Filter>
    </ClCompile>
    <ClCompile Include="10_04%281501-1503%29.c">
      <Filter>소스 파일\10_week</Filter>
    </ClCompile>
    <ClCompile Include="10_05%281504-1506%29.c">
      <Filter>소스 파일\10_week</Filter>
    </ClCompile>
    <ClCompile Include="10_06%281507-1509%29.c">
      <Filter>소스 파일\10_week</Filter>
    </ClCompile>
    <ClCompile Include="10_07%281510-1512%29.c">
      <Filter>소스 파일\10_week</Filter>
    </ClCompile>
    <ClCompile Include="11_03%281441-1443%29.c">
      <Filter>소스 파일\11st_week</Filter>
    </ClCompile>
    <ClCompile Include="11_04%281451,1452,1709%29.c">
      <Filter>소스 파일\11st_week</Filter>
    </ClCompile>
    <ClCompile Include="11_05%283004,3011,3014%29.c">
      <Filter>소스 파일\11st_week</Filter>
    </ClCompile>
    <ClCompile Include="11_06.c">
      <Filter>소스 파일\11st_week</Filter>
    </ClCompile>
    <ClCompile Include="11_07%281526-1528%29.c">
      <Filter>소스 파일\11st_week</Filter>
    </ClCompile>
    <ClCompile Include="12_01%281529-1534%29.c">
      <Filter>소스 파일\12st_week</Filter>
    </ClCompile>
    <ClCompile Include="12_02%281535-1537%29.c">
      <Filter>소스 파일\12st_week</Filter>
    </ClCompile>
    <ClCompile Include="12_03%281538-1543%29.c">
      <Filter>소스 파일\12st_week</Filter>
    </ClCompile>
    <ClCompile Include="12_04%281544-1546%29.c">
      <Filter>소스 파일\12st_week</Filter>
    </ClCompile>
    <ClCompile Include="12_05%281547-1549%29.c">
      <Filter>소스 파일\12st_week</Filter>
    </ClCompile>
    <ClCompile Include="12_06%281550-1552%29.c">
      <Filter>소스 파일\12st_week</Filter>
    </ClCompile>
    <ClCompile Include="12_07%281553-1558%29.c">
      <Filter>소스 파일\12st_week</Filter>
    </ClCompile>
    <ClCompile Include="12_08%281559-1564%29.c">
      <Filter>소스 파일\12st_week</Filter>
    </ClCompile>
    <ClCompile Include="12_09%281565-1570%29.c">
      <Filter>소스 파일\12st_week</Filter>
    </ClCompile>
    <ClCompile Include="13_01%281571-1580%29.c">
      <Filter>소스 파일\13st_week</Filter>
    </ClCompile>
    <ClCompile Include="13_02%281581,1602,1610%29.c">
      <Filter>소스 파일\13st_week</Filter>
    </ClCompile>
    <ClCompile Include="13_03%281615,1620%29.c">
      <Filter>소스 파일\13st_week</Filter>
    </ClCompile>
    <ClCompile Include="13_04.c">
      <Filter>소스 파일\13st_week</Filter>
    </ClCompile>
  </ItemGroup>
</Project>