<?xml version="1.0" encoding="utf-8"?>
<Project ToolsVersion="4.0" xmlns="http://schemas.microsoft.com/developer/msbuild/2003">
  <ItemGroup>
    <Filter Include="소스 파일">
      <UniqueIdentifier>{4FC737F1-C7A5-4376-A066-2A32D752A2FF}</UniqueIdentifier>
      <Extensions>cpp;c;cc;cxx;c++;cppm;ixx;def;odl;idl;hpj;bat;asm;asmx</Extensions>
    </Filter>
    <Filter Include="헤더 파일">
      <UniqueIdentifier>{93995380-89BD-4b04-88EB-625FBE52EBFB}</UniqueIdentifier>
      <Extensions>h;hh;hpp;hxx;h++;hm;inl;inc;ipp;xsd</Extensions>
    </Filter>
    <Filter Include="리소스 파일">
      <UniqueIdentifier>{67DA6AB6-F800-4c08-8B7A-83BB121AAD01}</UniqueIdentifier>
      <Extensions>rc;ico;cur;bmp;dlg;rc2;rct;bin;rgs;gif;jpg;jpeg;jpe;resx;tiff;tif;png;wav;mfcribbon-ms</Extensions>
    </Filter>
    <Filter Include="소스 파일\2st_week">
      <UniqueIdentifier>{d2c9e0dc-9be7-4275-b34c-bcf3cfe691ba}</UniqueIdentifier>
    </Filter>
    <Filter Include="소스 파일\1st_week">
      <UniqueIdentifier>{6bf1fc15-45df-4be8-b916-3dedf4f1057f}</UniqueIdentifier>
    </Filter>
    <Filter Include="소스 파일\3st_week">
      <UniqueIdentifier>{ec5d5410-7dde-42d2-9c27-5a644fad563a}</UniqueIdentifier>
    </Filter>
    <Filter Include="소스 파일\4st_week">
      <UniqueIdentifier>{e28d8f13-3df3-46f7-b19d-0207eb8409d1}</UniqueIdentifier>
    </Filter>
  </ItemGroup>
  <ItemGroup>
    <ClCompile Include="02_01.c">
      <Filter>소스 파일\2st_week</Filter>
    </ClCompile>
    <ClCompile Include="02_02.c">
      <Filter>소스 파일\2st_week</Filter>
    </ClCompile>
    <ClCompile Include="01_01.c">
      <Filter>소스 파일\1st_week</Filter>
    </ClCompile>
    <ClCompile Include="03_01.c">
      <Filter>소스 파일\2st_week</Filter>
    </ClCompile>
    <ClCompile Include="03_02.c">
      <Filter>소스 파일\2st_week</Filter>
    </ClCompile>
    <ClCompile Include="03_03.c">
      <Filter>소스 파일\3st_week</Filter>
    </ClCompile>
    <ClCompile Include="03_04.c">
      <Filter>소스 파일\3st_week</Filter>
    </ClCompile>
    <ClCompile Include="03_05.c">
      <Filter>소스 파일\3st_week</Filter>
    </ClCompile>
    <ClCompile Include="03_06.c">
      <Filter>소스 파일\3st_week</Filter>
    </ClCompile>
    <ClCompile Include="04_01.c">
      <Filter>소스 파일\4st_week</Filter>
    </ClCompile>
    <ClCompile Include="04_02.c">
      <Filter>소스 파일\4st_week</Filter>
    </ClCompile>
    <ClCompile Include="04_03.c">
      <Filter>소스 파일\4st_week</Filter>
    </ClCompile>
    <ClCompile Include="04_04.c">
      <Filter>소스 파일\4st_week</Filter>
    </ClCompile>
  </ItemGroup>
</Project>